# THIS IS AN AUTOGENERATED FILE. DO NOT EDIT THIS FILE DIRECTLY.
# yarn lockfile v1


"v8-android@7.8.x >= 7.8.2":
  version "7.8.2"
  resolved "https://registry.yarnpkg.com/v8-android/-/v8-android-7.8.2.tgz#cab9196d2afad6b931630dcfa8ab3609ca18864e"
  integrity sha512-LZLtehBxj4rLgf3+gWs3ITTmnVvlD3KQubLzFmtdI+l3G9tbi8ckWm6tJv7KQXZu3L/ok5M2bZz1AGnofPiMfQ==
